
Microsoft Visual Studio Solution File, Format Version 12.00
# Visual Studio Version 17
VisualStudioVersion = 17.7.34221.43
MinimumVisualStudioVersion = 10.0.40219.1
Project("{FAE04EC0-301F-11D3-BF4B-00C04F79EFBC}") = "netSentryIsolated", "netSentryIsolated\netSentryIsolated.csproj", "{23EC305C-A5A0-4722-AD4E-4232CB53AB71}"
EndProject
Global
	GlobalSection(SolutionConfigurationPlatforms) = preSolution
		Debug|Any CPU = Debug|Any CPU
		Release|Any CPU = Release|Any CPU
	EndGlobalSection
	GlobalSection(ProjectConfigurationPlatforms) = postSolution
		{23EC305C-A5A0-4722-AD4E-4232CB53AB71}.Debug|Any CPU.ActiveCfg = Debug|Any CPU
		{23EC305C-A5A0-4722-AD4E-4232CB53AB71}.Debug|Any CPU.Build.0 = Debug|Any CPU
		{23EC305C-A5A0-4722-AD4E-4232CB53AB71}.Release|Any CPU.ActiveCfg = Release|Any CPU
		{23EC305C-A5A0-4722-AD4E-4232CB53AB71}.Release|Any CPU.Build.0 = Release|Any CPU
	EndGlobalSection
	GlobalSection(SolutionProperties) = preSolution
		HideSolutionNode = FALSE
	EndGlobalSection
	GlobalSection(ExtensibilityGlobals) = postSolution
		SolutionGuid = {5AEFC880-8EF3-459C-8100-E3BBA14BEB69}
	EndGlobalSection
EndGlobal
